// !$*UTF8*$!
{
	archiveVersion = 1;
	classes = {
	};
	objectVersion = 50;
	objects = {

/* Begin PBXBuildFile section */
		8A24E3E9255C4E1E00496F78 /* Video.cpp in Sources */ = {isa = PBXBuildFile; fileRef = 8A24E3E7255C4E1E00496F78 /* Video.cpp */; };
		8A24E44F255C806400496F78 /* AppDelegate.mm in Sources */ = {isa = PBXBuildFile; fileRef = 8A24E44E255C806400496F78 /* AppDelegate.mm */; };
		8A24E452255C806400496F78 /* ViewController.m in Sources */ = {isa = PBXBuildFile; fileRef = 8A24E451255C806400496F78 /* ViewController.m */; };
		8A24E457255C806400496F78 /* Main.storyboard in Resources */ = {isa = PBXBuildFile; fileRef = 8A24E455255C806400496F78 /* Main.storyboard */; };
		8A24E45A255C806400496F78 /* main.m in Sources */ = {isa = PBXBuildFile; fileRef = 8A24E459255C806400496F78 /* main.m */; };
		8A24E463255C83E400496F78 /* DisplayView.mm in Sources */ = {isa = PBXBuildFile; fileRef = 8A24E462255C83E400496F78 /* DisplayView.mm */; };
		8A24E46A255C85E600496F78 /* Video.cpp in Sources */ = {isa = PBXBuildFile; fileRef = 8A24E3E7255C4E1E00496F78 /* Video.cpp */; };
		8A24E46D255C85EB00496F78 /* i8080.cpp in Sources */ = {isa = PBXBuildFile; fileRef = 8AB9437A254A187200636CA0 /* i8080.cpp */; };
		8A24E470255C85F200496F78 /* Logger.cpp in Sources */ = {isa = PBXBuildFile; fileRef = 8AE7F9C6255B4D4E00830F35 /* Logger.cpp */; };
		8A24E473255C85F800496F78 /* Bus.cpp in Sources */ = {isa = PBXBuildFile; fileRef = 8AC0C638254460C8008DAA6B /* Bus.cpp */; };
		8AB9437C254A187200636CA0 /* i8080.cpp in Sources */ = {isa = PBXBuildFile; fileRef = 8AB9437A254A187200636CA0 /* i8080.cpp */; };
		8AC0C6222543AE24008DAA6B /* main.cpp in Sources */ = {isa = PBXBuildFile; fileRef = 8AC0C6212543AE24008DAA6B /* main.cpp */; };
		8AC0C63A254460C8008DAA6B /* Bus.cpp in Sources */ = {isa = PBXBuildFile; fileRef = 8AC0C638254460C8008DAA6B /* Bus.cpp */; };
		8ADCB5A9255D7E550048C4DE /* PagedBus.cpp in Sources */ = {isa = PBXBuildFile; fileRef = 8ADCB5A7255D7E550048C4DE /* PagedBus.cpp */; };
		8ADCB5AC255D84F10048C4DE /* PagedBus.cpp in Sources */ = {isa = PBXBuildFile; fileRef = 8ADCB5A7255D7E550048C4DE /* PagedBus.cpp */; };
		8AE7F9D0255B50D700830F35 /* Logger.cpp in Sources */ = {isa = PBXBuildFile; fileRef = 8AE7F9C6255B4D4E00830F35 /* Logger.cpp */; };
/* End PBXBuildFile section */

/* Begin PBXCopyFilesBuildPhase section */
		8AC0C61C2543AE24008DAA6B /* CopyFiles */ = {
			isa = PBXCopyFilesBuildPhase;
			buildActionMask = 2147483647;
			dstPath = /usr/share/man/man1/;
			dstSubfolderSpec = 0;
			files = (
			);
			runOnlyForDeploymentPostprocessing = 1;
		};
/* End PBXCopyFilesBuildPhase section */

/* Begin PBXFileReference section */
		8A17012C25577150006659C3 /* CPUTEST.com */ = {isa = PBXFileReference; lastKnownFileType = file; path = CPUTEST.com; sourceTree = "<group>"; };
		8A17012D25577150006659C3 /* 8080EX1.com */ = {isa = PBXFileReference; lastKnownFileType = file; path = 8080EX1.com; sourceTree = "<group>"; };
		8A170136255815E1006659C3 /* 8080EX1.asm */ = {isa = PBXFileReference; lastKnownFileType = sourcecode.asm.asm; path = 8080EX1.asm; sourceTree = "<group>"; xcLanguageSpecificationIdentifier = xcode.lang.asm.arm; };
		8A170140255818AB006659C3 /* 8080EXER.com */ = {isa = PBXFileReference; lastKnownFileType = file; path = 8080EXER.com; sourceTree = "<group>"; };
		8A170141255818BF006659C3 /* 8080EXER.asm */ = {isa = PBXFileReference; lastKnownFileType = sourcecode.asm.asm; path = 8080EXER.asm; sourceTree = "<group>"; xcLanguageSpecificationIdentifier = xcode.lang.asm.arm; };
		8A170145255818FA006659C3 /* 8080PRE.com */ = {isa = PBXFileReference; lastKnownFileType = file; path = 8080PRE.com; sourceTree = "<group>"; };
		8A17014625581927006659C3 /* 8080PRE.asm */ = {isa = PBXFileReference; lastKnownFileType = sourcecode.asm.asm; path = 8080PRE.asm; sourceTree = "<group>"; xcLanguageSpecificationIdentifier = xcode.lang.asm.arm; };
		8A24E3E2255C183500496F78 /* README.md */ = {isa = PBXFileReference; lastKnownFileType = net.daringfireball.markdown; path = README.md; sourceTree = "<group>"; };
		8A24E3E4255C480700496F78 /* monitor */ = {isa = PBXFileReference; lastKnownFileType = folder; path = monitor; sourceTree = "<group>"; };
		8A24E3E7255C4E1E00496F78 /* Video.cpp */ = {isa = PBXFileReference; lastKnownFileType = sourcecode.cpp.cpp; path = Video.cpp; sourceTree = "<group>"; };
		8A24E3E8255C4E1E00496F78 /* Video.hpp */ = {isa = PBXFileReference; lastKnownFileType = sourcecode.cpp.h; path = Video.hpp; sourceTree = "<group>"; };
		8A24E44B255C806400496F78 /* display.app */ = {isa = PBXFileReference; explicitFileType = wrapper.application; includeInIndex = 0; path = display.app; sourceTree = BUILT_PRODUCTS_DIR; };
		8A24E44D255C806400496F78 /* AppDelegate.h */ = {isa = PBXFileReference; lastKnownFileType = sourcecode.c.h; path = AppDelegate.h; sourceTree = "<group>"; };
		8A24E44E255C806400496F78 /* AppDelegate.mm */ = {isa = PBXFileReference; lastKnownFileType = sourcecode.cpp.objcpp; path = AppDelegate.mm; sourceTree = "<group>"; };
		8A24E450255C806400496F78 /* ViewController.h */ = {isa = PBXFileReference; lastKnownFileType = sourcecode.c.h; path = ViewController.h; sourceTree = "<group>"; };
		8A24E451255C806400496F78 /* ViewController.m */ = {isa = PBXFileReference; lastKnownFileType = sourcecode.c.objc; path = ViewController.m; sourceTree = "<group>"; };
		8A24E456255C806400496F78 /* Base */ = {isa = PBXFileReference; lastKnownFileType = file.storyboard; name = Base; path = Base.lproj/Main.storyboard; sourceTree = "<group>"; };
		8A24E458255C806400496F78 /* Info.plist */ = {isa = PBXFileReference; lastKnownFileType = text.plist.xml; path = Info.plist; sourceTree = "<group>"; };
		8A24E459255C806400496F78 /* main.m */ = {isa = PBXFileReference; lastKnownFileType = sourcecode.c.objc; path = main.m; sourceTree = "<group>"; };
		8A24E461255C83E400496F78 /* DisplayView.h */ = {isa = PBXFileReference; lastKnownFileType = sourcecode.c.h; path = DisplayView.h; sourceTree = "<group>"; };
		8A24E462255C83E400496F78 /* DisplayView.mm */ = {isa = PBXFileReference; lastKnownFileType = sourcecode.cpp.objcpp; path = DisplayView.mm; sourceTree = "<group>"; };
		8A4C1E4C254B47A600ED6E1E /* materials */ = {isa = PBXFileReference; lastKnownFileType = folder; path = materials; sourceTree = "<group>"; };
		8A4C1E50254ED0EB00ED6E1E /* Status.hpp */ = {isa = PBXFileReference; lastKnownFileType = sourcecode.cpp.h; path = Status.hpp; sourceTree = "<group>"; };
		8A9AAA3F2558956E005AC787 /* 8080.com */ = {isa = PBXFileReference; lastKnownFileType = file; path = 8080.com; sourceTree = "<group>"; };
		8AA255A625537764007791D5 /* 8080.asm */ = {isa = PBXFileReference; lastKnownFileType = sourcecode.asm.asm; path = 8080.asm; sourceTree = "<group>"; xcLanguageSpecificationIdentifier = xcode.lang.asm.arm; };
		8AB9437A254A187200636CA0 /* i8080.cpp */ = {isa = PBXFileReference; lastKnownFileType = sourcecode.cpp.cpp; path = i8080.cpp; sourceTree = "<group>"; };
		8AB9437B254A187200636CA0 /* i8080.hpp */ = {isa = PBXFileReference; lastKnownFileType = sourcecode.cpp.h; path = i8080.hpp; sourceTree = "<group>"; };
		8AC0C61E2543AE24008DAA6B /* orion */ = {isa = PBXFileReference; explicitFileType = "compiled.mach-o.executable"; includeInIndex = 0; path = orion; sourceTree = BUILT_PRODUCTS_DIR; };
		8AC0C6212543AE24008DAA6B /* main.cpp */ = {isa = PBXFileReference; lastKnownFileType = sourcecode.cpp.cpp; path = main.cpp; sourceTree = "<group>"; };
		8AC0C638254460C8008DAA6B /* Bus.cpp */ = {isa = PBXFileReference; lastKnownFileType = sourcecode.cpp.cpp; path = Bus.cpp; sourceTree = "<group>"; };
		8AC0C639254460C8008DAA6B /* Bus.hpp */ = {isa = PBXFileReference; lastKnownFileType = sourcecode.cpp.h; path = Bus.hpp; sourceTree = "<group>"; };
		8ADCB5A7255D7E550048C4DE /* PagedBus.cpp */ = {isa = PBXFileReference; lastKnownFileType = sourcecode.cpp.cpp; path = PagedBus.cpp; sourceTree = "<group>"; };
		8ADCB5A8255D7E550048C4DE /* PagedBus.hpp */ = {isa = PBXFileReference; lastKnownFileType = sourcecode.cpp.h; path = PagedBus.hpp; sourceTree = "<group>"; };
		8AE7F9BA255B334800830F35 /* 8080EXM.com */ = {isa = PBXFileReference; lastKnownFileType = file; path = 8080EXM.com; sourceTree = "<group>"; };
		8AE7F9BC255B39CE00830F35 /* 8080EXM.asm */ = {isa = PBXFileReference; lastKnownFileType = sourcecode.asm.asm; path = 8080EXM.asm; sourceTree = "<group>"; xcLanguageSpecificationIdentifier = xcode.lang.asm.arm; };
		8AE7F9C6255B4D4E00830F35 /* Logger.cpp */ = {isa = PBXFileReference; lastKnownFileType = sourcecode.cpp.cpp; path = Logger.cpp; sourceTree = "<group>"; };
/* End PBXFileReference section */

/* Begin PBXFrameworksBuildPhase section */
		8A24E448255C806400496F78 /* Frameworks */ = {
			isa = PBXFrameworksBuildPhase;
			buildActionMask = 2147483647;
			files = (
			);
			runOnlyForDeploymentPostprocessing = 0;
		};
		8AC0C61B2543AE24008DAA6B /* Frameworks */ = {
			isa = PBXFrameworksBuildPhase;
			buildActionMask = 2147483647;
			files = (
			);
			runOnlyForDeploymentPostprocessing = 0;
		};
/* End PBXFrameworksBuildPhase section */

/* Begin PBXGroup section */
		8A170130255814CC006659C3 /* tests */ = {
			isa = PBXGroup;
			children = (
				8A9AAA3F2558956E005AC787 /* 8080.com */,
				8AA255A625537764007791D5 /* 8080.asm */,
				8A17012D25577150006659C3 /* 8080EX1.com */,
				8A170136255815E1006659C3 /* 8080EX1.asm */,
				8AE7F9BA255B334800830F35 /* 8080EXM.com */,
				8AE7F9BC255B39CE00830F35 /* 8080EXM.asm */,
				8A170140255818AB006659C3 /* 8080EXER.com */,
				8A170141255818BF006659C3 /* 8080EXER.asm */,
				8A170145255818FA006659C3 /* 8080PRE.com */,
				8A17014625581927006659C3 /* 8080PRE.asm */,
				8A17012C25577150006659C3 /* CPUTEST.com */,
			);
			path = tests;
			sourceTree = "<group>";
		};
		8A24E3E6255C4E0A00496F78 /* video */ = {
			isa = PBXGroup;
			children = (
				8A24E3E7255C4E1E00496F78 /* Video.cpp */,
				8A24E3E8255C4E1E00496F78 /* Video.hpp */,
			);
			path = video;
			sourceTree = "<group>";
		};
		8A24E44C255C806400496F78 /* display */ = {
			isa = PBXGroup;
			children = (
				8A24E44D255C806400496F78 /* AppDelegate.h */,
				8A24E44E255C806400496F78 /* AppDelegate.mm */,
				8A24E450255C806400496F78 /* ViewController.h */,
				8A24E451255C806400496F78 /* ViewController.m */,
				8A24E455255C806400496F78 /* Main.storyboard */,
				8A24E458255C806400496F78 /* Info.plist */,
				8A24E459255C806400496F78 /* main.m */,
				8A24E461255C83E400496F78 /* DisplayView.h */,
				8A24E462255C83E400496F78 /* DisplayView.mm */,
			);
			path = display;
			sourceTree = "<group>";
		};
		8AB94388254B29FD00636CA0 /* cpu */ = {
			isa = PBXGroup;
			children = (
				8A170130255814CC006659C3 /* tests */,
				8AB9437A254A187200636CA0 /* i8080.cpp */,
				8AB9437B254A187200636CA0 /* i8080.hpp */,
				8A4C1E50254ED0EB00ED6E1E /* Status.hpp */,
				8AE7F9C6255B4D4E00830F35 /* Logger.cpp */,
				8A24E3E2255C183500496F78 /* README.md */,
			);
			path = cpu;
			sourceTree = "<group>";
		};
		8AB9438A254B2A0400636CA0 /* bus */ = {
			isa = PBXGroup;
			children = (
				8AC0C638254460C8008DAA6B /* Bus.cpp */,
				8AC0C639254460C8008DAA6B /* Bus.hpp */,
				8ADCB5A7255D7E550048C4DE /* PagedBus.cpp */,
				8ADCB5A8255D7E550048C4DE /* PagedBus.hpp */,
			);
			path = bus;
			sourceTree = "<group>";
		};
		8AC0C6152543AE24008DAA6B = {
			isa = PBXGroup;
			children = (
				8A24E3E4255C480700496F78 /* monitor */,
				8A4C1E4C254B47A600ED6E1E /* materials */,
				8AC0C6202543AE24008DAA6B /* orion */,
				8A24E44C255C806400496F78 /* display */,
				8AC0C61F2543AE24008DAA6B /* Products */,
			);
			sourceTree = "<group>";
		};
		8AC0C61F2543AE24008DAA6B /* Products */ = {
			isa = PBXGroup;
			children = (
				8AC0C61E2543AE24008DAA6B /* orion */,
				8A24E44B255C806400496F78 /* display.app */,
			);
			name = Products;
			sourceTree = "<group>";
		};
		8AC0C6202543AE24008DAA6B /* orion */ = {
			isa = PBXGroup;
			children = (
				8A24E3E6255C4E0A00496F78 /* video */,
				8AB94388254B29FD00636CA0 /* cpu */,
				8AB9438A254B2A0400636CA0 /* bus */,
				8AC0C6212543AE24008DAA6B /* main.cpp */,
			);
			path = orion;
			sourceTree = "<group>";
		};
/* End PBXGroup section */

/* Begin PBXNativeTarget section */
		8A24E44A255C806400496F78 /* display */ = {
			isa = PBXNativeTarget;
			buildConfigurationList = 8A24E45C255C806400496F78 /* Build configuration list for PBXNativeTarget "display" */;
			buildPhases = (
				8A24E447255C806400496F78 /* Sources */,
				8A24E448255C806400496F78 /* Frameworks */,
				8A24E449255C806400496F78 /* Resources */,
			);
			buildRules = (
			);
			dependencies = (
			);
			name = display;
			productName = display;
			productReference = 8A24E44B255C806400496F78 /* display.app */;
			productType = "com.apple.product-type.application";
		};
		8AC0C61D2543AE24008DAA6B /* orion */ = {
			isa = PBXNativeTarget;
			buildConfigurationList = 8AC0C6252543AE24008DAA6B /* Build configuration list for PBXNativeTarget "orion" */;
			buildPhases = (
				8AC0C61A2543AE24008DAA6B /* Sources */,
				8AC0C61B2543AE24008DAA6B /* Frameworks */,
				8AC0C61C2543AE24008DAA6B /* CopyFiles */,
			);
			buildRules = (
			);
			dependencies = (
			);
			name = orion;
			productName = orion;
			productReference = 8AC0C61E2543AE24008DAA6B /* orion */;
			productType = "com.apple.product-type.tool";
		};
/* End PBXNativeTarget section */

/* Begin PBXProject section */
		8AC0C6162543AE24008DAA6B /* Project object */ = {
			isa = PBXProject;
			attributes = {
				LastUpgradeCheck = 1210;
				TargetAttributes = {
					8A24E44A255C806400496F78 = {
						CreatedOnToolsVersion = 12.1;
					};
					8AC0C61D2543AE24008DAA6B = {
						CreatedOnToolsVersion = 12.0.1;
					};
				};
			};
			buildConfigurationList = 8AC0C6192543AE24008DAA6B /* Build configuration list for PBXProject "orion" */;
			compatibilityVersion = "Xcode 9.3";
			developmentRegion = en;
			hasScannedForEncodings = 0;
			knownRegions = (
				en,
				Base,
			);
			mainGroup = 8AC0C6152543AE24008DAA6B;
			productRefGroup = 8AC0C61F2543AE24008DAA6B /* Products */;
			projectDirPath = "";
			projectRoot = "";
			targets = (
				8AC0C61D2543AE24008DAA6B /* orion */,
				8A24E44A255C806400496F78 /* display */,
			);
		};
/* End PBXProject section */

/* Begin PBXResourcesBuildPhase section */
		8A24E449255C806400496F78 /* Resources */ = {
			isa = PBXResourcesBuildPhase;
			buildActionMask = 2147483647;
			files = (
				8A24E457255C806400496F78 /* Main.storyboard in Resources */,
			);
			runOnlyForDeploymentPostprocessing = 0;
		};
/* End PBXResourcesBuildPhase section */

/* Begin PBXSourcesBuildPhase section */
		8A24E447255C806400496F78 /* Sources */ = {
			isa = PBXSourcesBuildPhase;
			buildActionMask = 2147483647;
			files = (
				8A24E452255C806400496F78 /* ViewController.m in Sources */,
				8A24E470255C85F200496F78 /* Logger.cpp in Sources */,
				8A24E473255C85F800496F78 /* Bus.cpp in Sources */,
				8A24E46D255C85EB00496F78 /* i8080.cpp in Sources */,
				8A24E463255C83E400496F78 /* DisplayView.mm in Sources */,
				8A24E45A255C806400496F78 /* main.m in Sources */,
				8A24E46A255C85E600496F78 /* Video.cpp in Sources */,
				8A24E44F255C806400496F78 /* AppDelegate.mm in Sources */,
				8ADCB5AC255D84F10048C4DE /* PagedBus.cpp in Sources */,
			);
			runOnlyForDeploymentPostprocessing = 0;
		};
		8AC0C61A2543AE24008DAA6B /* Sources */ = {
			isa = PBXSourcesBuildPhase;
			buildActionMask = 2147483647;
			files = (
				8AB9437C254A187200636CA0 /* i8080.cpp in Sources */,
				8AC0C63A254460C8008DAA6B /* Bus.cpp in Sources */,
				8ADCB5A9255D7E550048C4DE /* PagedBus.cpp in Sources */,
				8AC0C6222543AE24008DAA6B /* main.cpp in Sources */,
				8A24E3E9255C4E1E00496F78 /* Video.cpp in Sources */,
				8AE7F9D0255B50D700830F35 /* Logger.cpp in Sources */,
			);
			runOnlyForDeploymentPostprocessing = 0;
		};
/* End PBXSourcesBuildPhase section */

/* Begin PBXVariantGroup section */
		8A24E455255C806400496F78 /* Main.storyboard */ = {
			isa = PBXVariantGroup;
			children = (
				8A24E456255C806400496F78 /* Base */,
			);
			name = Main.storyboard;
			sourceTree = "<group>";
		};
/* End PBXVariantGroup section */

/* Begin XCBuildConfiguration section */
		8A24E45D255C806400496F78 /* Debug */ = {
			isa = XCBuildConfiguration;
			buildSettings = {
				ASSETCATALOG_COMPILER_APPICON_NAME = AppIcon;
				ASSETCATALOG_COMPILER_GLOBAL_ACCENT_COLOR_NAME = AccentColor;
				CODE_SIGN_ENTITLEMENTS = display/display.entitlements;
				CODE_SIGN_STYLE = Automatic;
				COMBINE_HIDPI_IMAGES = YES;
				INFOPLIST_FILE = display/Info.plist;
				LD_RUNPATH_SEARCH_PATHS = (
					"$(inherited)",
					"@executable_path/../Frameworks",
				);
				PRODUCT_BUNDLE_IDENTIFIER = temaweb.display;
				PRODUCT_NAME = "$(TARGET_NAME)";
			};
			name = Debug;
		};
		8A24E45E255C806400496F78 /* Release */ = {
			isa = XCBuildConfiguration;
			buildSettings = {
				ASSETCATALOG_COMPILER_APPICON_NAME = AppIcon;
				ASSETCATALOG_COMPILER_GLOBAL_ACCENT_COLOR_NAME = AccentColor;
				CODE_SIGN_ENTITLEMENTS = display/display.entitlements;
				CODE_SIGN_STYLE = Automatic;
				COMBINE_HIDPI_IMAGES = YES;
				INFOPLIST_FILE = display/Info.plist;
				LD_RUNPATH_SEARCH_PATHS = (
					"$(inherited)",
					"@executable_path/../Frameworks",
				);
				PRODUCT_BUNDLE_IDENTIFIER = temaweb.display;
				PRODUCT_NAME = "$(TARGET_NAME)";
			};
			name = Release;
		};
		8AC0C6232543AE24008DAA6B /* Debug */ = {
			isa = XCBuildConfiguration;
			buildSettings = {
				ALWAYS_SEARCH_USER_PATHS = NO;
				CLANG_ANALYZER_NONNULL = YES;
				CLANG_ANALYZER_NUMBER_OBJECT_CONVERSION = YES_AGGRESSIVE;
				CLANG_CXX_LANGUAGE_STANDARD = "gnu++14";
				CLANG_CXX_LIBRARY = "libc++";
				CLANG_ENABLE_MODULES = YES;
				CLANG_ENABLE_OBJC_ARC = YES;
				CLANG_ENABLE_OBJC_WEAK = YES;
				CLANG_WARN_BLOCK_CAPTURE_AUTORELEASING = YES;
				CLANG_WARN_BOOL_CONVERSION = YES;
				CLANG_WARN_COMMA = YES;
				CLANG_WARN_CONSTANT_CONVERSION = YES;
				CLANG_WARN_DEPRECATED_OBJC_IMPLEMENTATIONS = YES;
				CLANG_WARN_DIRECT_OBJC_ISA_USAGE = YES_ERROR;
				CLANG_WARN_DOCUMENTATION_COMMENTS = YES;
				CLANG_WARN_EMPTY_BODY = YES;
				CLANG_WARN_ENUM_CONVERSION = YES;
				CLANG_WARN_INFINITE_RECURSION = YES;
				CLANG_WARN_INT_CONVERSION = YES;
				CLANG_WARN_NON_LITERAL_NULL_CONVERSION = YES;
				CLANG_WARN_OBJC_IMPLICIT_RETAIN_SELF = YES;
				CLANG_WARN_OBJC_LITERAL_CONVERSION = YES;
				CLANG_WARN_OBJC_ROOT_CLASS = YES_ERROR;
				CLANG_WARN_QUOTED_INCLUDE_IN_FRAMEWORK_HEADER = YES;
				CLANG_WARN_RANGE_LOOP_ANALYSIS = YES;
				CLANG_WARN_STRICT_PROTOTYPES = YES;
				CLANG_WARN_SUSPICIOUS_MOVE = YES;
				CLANG_WARN_UNGUARDED_AVAILABILITY = YES_AGGRESSIVE;
				CLANG_WARN_UNREACHABLE_CODE = YES;
				CLANG_WARN__DUPLICATE_METHOD_MATCH = YES;
				COPY_PHASE_STRIP = NO;
				DEBUG_INFORMATION_FORMAT = dwarf;
				ENABLE_STRICT_OBJC_MSGSEND = YES;
				ENABLE_TESTABILITY = YES;
				GCC_C_LANGUAGE_STANDARD = gnu11;
				GCC_DYNAMIC_NO_PIC = NO;
				GCC_NO_COMMON_BLOCKS = YES;
				GCC_OPTIMIZATION_LEVEL = 0;
				GCC_PREPROCESSOR_DEFINITIONS = (
					"DEBUG=1",
					"$(inherited)",
				);
				GCC_WARN_64_TO_32_BIT_CONVERSION = YES;
				GCC_WARN_ABOUT_RETURN_TYPE = YES_ERROR;
				GCC_WARN_UNDECLARED_SELECTOR = YES;
				GCC_WARN_UNINITIALIZED_AUTOS = YES_AGGRESSIVE;
				GCC_WARN_UNUSED_FUNCTION = YES;
				GCC_WARN_UNUSED_VARIABLE = YES;
				MACOSX_DEPLOYMENT_TARGET = 10.15;
				MTL_ENABLE_DEBUG_INFO = INCLUDE_SOURCE;
				MTL_FAST_MATH = YES;
				ONLY_ACTIVE_ARCH = YES;
				SDKROOT = macosx;
			};
			name = Debug;
		};
		8AC0C6242543AE24008DAA6B /* Release */ = {
			isa = XCBuildConfiguration;
			buildSettings = {
				ALWAYS_SEARCH_USER_PATHS = NO;
				CLANG_ANALYZER_NONNULL = YES;
				CLANG_ANALYZER_NUMBER_OBJECT_CONVERSION = YES_AGGRESSIVE;
				CLANG_CXX_LANGUAGE_STANDARD = "gnu++14";
				CLANG_CXX_LIBRARY = "libc++";
				CLANG_ENABLE_MODULES = YES;
				CLANG_ENABLE_OBJC_ARC = YES;
				CLANG_ENABLE_OBJC_WEAK = YES;
				CLANG_WARN_BLOCK_CAPTURE_AUTORELEASING = YES;
				CLANG_WARN_BOOL_CONVERSION = YES;
				CLANG_WARN_COMMA = YES;
				CLANG_WARN_CONSTANT_CONVERSION = YES;
				CLANG_WARN_DEPRECATED_OBJC_IMPLEMENTATIONS = YES;
				CLANG_WARN_DIRECT_OBJC_ISA_USAGE = YES_ERROR;
				CLANG_WARN_DOCUMENTATION_COMMENTS = YES;
				CLANG_WARN_EMPTY_BODY = YES;
				CLANG_WARN_ENUM_CONVERSION = YES;
				CLANG_WARN_INFINITE_RECURSION = YES;
				CLANG_WARN_INT_CONVERSION = YES;
				CLANG_WARN_NON_LITERAL_NULL_CONVERSION = YES;
				CLANG_WARN_OBJC_IMPLICIT_RETAIN_SELF = YES;
				CLANG_WARN_OBJC_LITERAL_CONVERSION = YES;
				CLANG_WARN_OBJC_ROOT_CLASS = YES_ERROR;
				CLANG_WARN_QUOTED_INCLUDE_IN_FRAMEWORK_HEADER = YES;
				CLANG_WARN_RANGE_LOOP_ANALYSIS = YES;
				CLANG_WARN_STRICT_PROTOTYPES = YES;
				CLANG_WARN_SUSPICIOUS_MOVE = YES;
				CLANG_WARN_UNGUARDED_AVAILABILITY = YES_AGGRESSIVE;
				CLANG_WARN_UNREACHABLE_CODE = YES;
				CLANG_WARN__DUPLICATE_METHOD_MATCH = YES;
				COPY_PHASE_STRIP = NO;
				DEBUG_INFORMATION_FORMAT = "dwarf-with-dsym";
				ENABLE_NS_ASSERTIONS = NO;
				ENABLE_STRICT_OBJC_MSGSEND = YES;
				GCC_C_LANGUAGE_STANDARD = gnu11;
				GCC_NO_COMMON_BLOCKS = YES;
				GCC_WARN_64_TO_32_BIT_CONVERSION = YES;
				GCC_WARN_ABOUT_RETURN_TYPE = YES_ERROR;
				GCC_WARN_UNDECLARED_SELECTOR = YES;
				GCC_WARN_UNINITIALIZED_AUTOS = YES_AGGRESSIVE;
				GCC_WARN_UNUSED_FUNCTION = YES;
				GCC_WARN_UNUSED_VARIABLE = YES;
				MACOSX_DEPLOYMENT_TARGET = 10.15;
				MTL_ENABLE_DEBUG_INFO = NO;
				MTL_FAST_MATH = YES;
				SDKROOT = macosx;
			};
			name = Release;
		};
		8AC0C6262543AE24008DAA6B /* Debug */ = {
			isa = XCBuildConfiguration;
			buildSettings = {
				CODE_SIGN_IDENTITY = "-";
				CODE_SIGN_STYLE = Automatic;
				PRODUCT_NAME = "$(TARGET_NAME)";
			};
			name = Debug;
		};
		8AC0C6272543AE24008DAA6B /* Release */ = {
			isa = XCBuildConfiguration;
			buildSettings = {
				CODE_SIGN_IDENTITY = "-";
				CODE_SIGN_STYLE = Automatic;
				PRODUCT_NAME = "$(TARGET_NAME)";
			};
			name = Release;
		};
/* End XCBuildConfiguration section */

/* Begin XCConfigurationList section */
		8A24E45C255C806400496F78 /* Build configuration list for PBXNativeTarget "display" */ = {
			isa = XCConfigurationList;
			buildConfigurations = (
				8A24E45D255C806400496F78 /* Debug */,
				8A24E45E255C806400496F78 /* Release */,
			);
			defaultConfigurationIsVisible = 0;
			defaultConfigurationName = Release;
		};
		8AC0C6192543AE24008DAA6B /* Build configuration list for PBXProject "orion" */ = {
			isa = XCConfigurationList;
			buildConfigurations = (
				8AC0C6232543AE24008DAA6B /* Debug */,
				8AC0C6242543AE24008DAA6B /* Release */,
			);
			defaultConfigurationIsVisible = 0;
			defaultConfigurationName = Release;
		};
		8AC0C6252543AE24008DAA6B /* Build configuration list for PBXNativeTarget "orion" */ = {
			isa = XCConfigurationList;
			buildConfigurations = (
				8AC0C6262543AE24008DAA6B /* Debug */,
				8AC0C6272543AE24008DAA6B /* Release */,
			);
			defaultConfigurationIsVisible = 0;
			defaultConfigurationName = Release;
		};
/* End XCConfigurationList section */
	};
	rootObject = 8AC0C6162543AE24008DAA6B /* Project object */;
}
