// !$*UTF8*$!
{
	archiveVersion = 1;
	classes = {
	};
	objectVersion = 50;
	objects = {

/* Begin PBXBuildFile section */
		8A04D25B25684C5600891765 /* IOBus.cpp in Sources */ = {isa = PBXBuildFile; fileRef = 8A04D25925684C5600891765 /* IOBus.cpp */; };
		8A04D28325695EF100891765 /* Filesystem.cpp in Sources */ = {isa = PBXBuildFile; fileRef = 8A04D28025695EF100891765 /* Filesystem.cpp */; };
		8A04D2902569C36E00891765 /* OpenGL.framework in Frameworks */ = {isa = PBXBuildFile; fileRef = 8A04D28F2569C36E00891765 /* OpenGL.framework */; };
		8A24E44F255C806400496F78 /* AppDelegate.mm in Sources */ = {isa = PBXBuildFile; fileRef = 8A24E44E255C806400496F78 /* AppDelegate.mm */; };
		8A24E452255C806400496F78 /* ViewController.mm in Sources */ = {isa = PBXBuildFile; fileRef = 8A24E451255C806400496F78 /* ViewController.mm */; };
		8A24E457255C806400496F78 /* Main.storyboard in Resources */ = {isa = PBXBuildFile; fileRef = 8A24E455255C806400496F78 /* Main.storyboard */; };
		8A24E45A255C806400496F78 /* main.m in Sources */ = {isa = PBXBuildFile; fileRef = 8A24E459255C806400496F78 /* main.m */; };
		8A24E463255C83E400496F78 /* DisplayView.mm in Sources */ = {isa = PBXBuildFile; fileRef = 8A24E462255C83E400496F78 /* DisplayView.mm */; };
		8A24E46A255C85E600496F78 /* Video.cpp in Sources */ = {isa = PBXBuildFile; fileRef = 8A24E3E7255C4E1E00496F78 /* Video.cpp */; };
		8A24E46D255C85EB00496F78 /* Cpu.cpp in Sources */ = {isa = PBXBuildFile; fileRef = 8AB9437A254A187200636CA0 /* Cpu.cpp */; };
		8A3015742564251F0071D523 /* rom in CopyFiles */ = {isa = PBXBuildFile; fileRef = 8A30157025640C400071D523 /* rom */; };
		8A301577256425230071D523 /* monitor in CopyFiles */ = {isa = PBXBuildFile; fileRef = 8A24E3E4255C480700496F78 /* monitor */; };
		8A5ADB19257437C100E71FB4 /* Cpuloop.cpp in Sources */ = {isa = PBXBuildFile; fileRef = 8A5ADB18257437C100E71FB4 /* Cpuloop.cpp */; };
		8A5ADB1F25744FF100E71FB4 /* Event.cpp in Sources */ = {isa = PBXBuildFile; fileRef = 8A5ADB1E25744FF100E71FB4 /* Event.cpp */; };
		8A5ADB3C2575BCC200E71FB4 /* DefaultDevice.cpp in Sources */ = {isa = PBXBuildFile; fileRef = 8A5ADB3A2575BCC200E71FB4 /* DefaultDevice.cpp */; };
		8AA63D0D25605DC9007CF426 /* Orion.cpp in Sources */ = {isa = PBXBuildFile; fileRef = 8ADCB5CF255F48B00048C4DE /* Orion.cpp */; };
		8AA63D1925619683007CF426 /* Keyboard.cpp in Sources */ = {isa = PBXBuildFile; fileRef = 8AA63D1425619331007CF426 /* Keyboard.cpp */; };
		8AA8BA612571D92400A53B56 /* PaletteSelector.cpp in Sources */ = {isa = PBXBuildFile; fileRef = 8AA8BA602571D92400A53B56 /* PaletteSelector.cpp */; };
		8AA8BA652571DB9200A53B56 /* ScreenSelector.cpp in Sources */ = {isa = PBXBuildFile; fileRef = 8AA8BA642571DB9200A53B56 /* ScreenSelector.cpp */; };
		8AA8BA782572678100A53B56 /* IOSplitter.cpp in Sources */ = {isa = PBXBuildFile; fileRef = 8AA8BA772572678100A53B56 /* IOSplitter.cpp */; };
		8AB44F94256FE469006117B1 /* Status.cpp in Sources */ = {isa = PBXBuildFile; fileRef = 8AB44F92256FE469006117B1 /* Status.cpp */; };
		8AC54EAD257322A400FBBA97 /* PageSelector.cpp in Sources */ = {isa = PBXBuildFile; fileRef = 8AA8BA5D2571D0B900A53B56 /* PageSelector.cpp */; };
		8ADCB5B7255DF8410048C4DE /* WindowController.mm in Sources */ = {isa = PBXBuildFile; fileRef = 8ADCB5B6255DF8410048C4DE /* WindowController.mm */; };
		8AE39C8F25658DB5009C77BC /* System.cpp in Sources */ = {isa = PBXBuildFile; fileRef = 8AE39C8C25658DB5009C77BC /* System.cpp */; };
		8AEE66432566FCE30007586F /* Localizable.strings in Resources */ = {isa = PBXBuildFile; fileRef = 8AEE66452566FCE30007586F /* Localizable.strings */; };
		8AEE6679256749A40007586F /* OrionFacade.mm in Sources */ = {isa = PBXBuildFile; fileRef = 8AEE6678256749A40007586F /* OrionFacade.mm */; };
		8AF548EC25648732006AFB51 /* Memory.cpp in Sources */ = {isa = PBXBuildFile; fileRef = 8AF548E925648732006AFB51 /* Memory.cpp */; };
/* End PBXBuildFile section */

/* Begin PBXCopyFilesBuildPhase section */
		8A301573256425170071D523 /* CopyFiles */ = {
			isa = PBXCopyFilesBuildPhase;
			buildActionMask = 2147483647;
			dstPath = "";
			dstSubfolderSpec = 16;
			files = (
				8A301577256425230071D523 /* monitor in CopyFiles */,
				8A3015742564251F0071D523 /* rom in CopyFiles */,
			);
			runOnlyForDeploymentPostprocessing = 0;
		};
/* End PBXCopyFilesBuildPhase section */

/* Begin PBXFileReference section */
		8A04D25925684C5600891765 /* IOBus.cpp */ = {isa = PBXFileReference; lastKnownFileType = sourcecode.cpp.cpp; path = IOBus.cpp; sourceTree = "<group>"; };
		8A04D2672568A5DF00891765 /* BWPalette.hpp */ = {isa = PBXFileReference; lastKnownFileType = sourcecode.cpp.h; path = BWPalette.hpp; sourceTree = "<group>"; };
		8A04D26F2568A5F500891765 /* Color16Palette.hpp */ = {isa = PBXFileReference; lastKnownFileType = sourcecode.cpp.h; path = Color16Palette.hpp; sourceTree = "<group>"; };
		8A04D28025695EF100891765 /* Filesystem.cpp */ = {isa = PBXFileReference; lastKnownFileType = sourcecode.cpp.cpp; path = Filesystem.cpp; sourceTree = "<group>"; };
		8A04D28125695EF100891765 /* Filesystem.hpp */ = {isa = PBXFileReference; lastKnownFileType = sourcecode.cpp.h; path = Filesystem.hpp; sourceTree = "<group>"; };
		8A04D28F2569C36E00891765 /* OpenGL.framework */ = {isa = PBXFileReference; lastKnownFileType = wrapper.framework; name = OpenGL.framework; path = System/Library/Frameworks/OpenGL.framework; sourceTree = SDKROOT; };
		8A24E3E4255C480700496F78 /* monitor */ = {isa = PBXFileReference; lastKnownFileType = folder; path = monitor; sourceTree = "<group>"; };
		8A24E3E7255C4E1E00496F78 /* Video.cpp */ = {isa = PBXFileReference; lastKnownFileType = sourcecode.cpp.cpp; path = Video.cpp; sourceTree = "<group>"; };
		8A24E3E8255C4E1E00496F78 /* Video.hpp */ = {isa = PBXFileReference; lastKnownFileType = sourcecode.cpp.h; path = Video.hpp; sourceTree = "<group>"; };
		8A24E44B255C806400496F78 /* Orion.app */ = {isa = PBXFileReference; explicitFileType = wrapper.application; includeInIndex = 0; path = Orion.app; sourceTree = BUILT_PRODUCTS_DIR; };
		8A24E44D255C806400496F78 /* AppDelegate.h */ = {isa = PBXFileReference; lastKnownFileType = sourcecode.c.h; path = AppDelegate.h; sourceTree = "<group>"; };
		8A24E44E255C806400496F78 /* AppDelegate.mm */ = {isa = PBXFileReference; lastKnownFileType = sourcecode.cpp.objcpp; path = AppDelegate.mm; sourceTree = "<group>"; };
		8A24E450255C806400496F78 /* ViewController.h */ = {isa = PBXFileReference; lastKnownFileType = sourcecode.c.h; path = ViewController.h; sourceTree = "<group>"; };
		8A24E451255C806400496F78 /* ViewController.mm */ = {isa = PBXFileReference; lastKnownFileType = sourcecode.cpp.objcpp; path = ViewController.mm; sourceTree = "<group>"; };
		8A24E456255C806400496F78 /* Base */ = {isa = PBXFileReference; lastKnownFileType = file.storyboard; name = Base; path = Base.lproj/Main.storyboard; sourceTree = "<group>"; };
		8A24E458255C806400496F78 /* Info.plist */ = {isa = PBXFileReference; lastKnownFileType = text.plist.xml; path = Info.plist; sourceTree = "<group>"; };
		8A24E459255C806400496F78 /* main.m */ = {isa = PBXFileReference; lastKnownFileType = sourcecode.c.objc; path = main.m; sourceTree = "<group>"; };
		8A24E461255C83E400496F78 /* DisplayView.h */ = {isa = PBXFileReference; lastKnownFileType = sourcecode.c.h; path = DisplayView.h; sourceTree = "<group>"; };
		8A24E462255C83E400496F78 /* DisplayView.mm */ = {isa = PBXFileReference; lastKnownFileType = sourcecode.cpp.objcpp; path = DisplayView.mm; sourceTree = "<group>"; };
		8A3015632563FC720071D523 /* Disk.hpp */ = {isa = PBXFileReference; lastKnownFileType = sourcecode.cpp.h; path = Disk.hpp; sourceTree = "<group>"; };
		8A30157025640C400071D523 /* rom */ = {isa = PBXFileReference; lastKnownFileType = folder; path = rom; sourceTree = "<group>"; };
		8A4C1E50254ED0EB00ED6E1E /* Status.hpp */ = {isa = PBXFileReference; lastKnownFileType = sourcecode.cpp.h; path = Status.hpp; sourceTree = "<group>"; };
		8A5ADB17257437C100E71FB4 /* Cpuloop.hpp */ = {isa = PBXFileReference; lastKnownFileType = sourcecode.cpp.h; path = Cpuloop.hpp; sourceTree = "<group>"; };
		8A5ADB18257437C100E71FB4 /* Cpuloop.cpp */ = {isa = PBXFileReference; lastKnownFileType = sourcecode.cpp.cpp; path = Cpuloop.cpp; sourceTree = "<group>"; };
		8A5ADB1E25744FF100E71FB4 /* Event.cpp */ = {isa = PBXFileReference; lastKnownFileType = sourcecode.cpp.cpp; path = Event.cpp; sourceTree = "<group>"; };
		8A5ADB2B2575AC2400E71FB4 /* LocalDevice.hpp */ = {isa = PBXFileReference; lastKnownFileType = sourcecode.cpp.h; path = LocalDevice.hpp; sourceTree = "<group>"; };
		8A5ADB322575BBE700E71FB4 /* LocalRDevice.hpp */ = {isa = PBXFileReference; lastKnownFileType = sourcecode.cpp.h; path = LocalRDevice.hpp; sourceTree = "<group>"; };
		8A5ADB362575BC2A00E71FB4 /* LocalWDevice.hpp */ = {isa = PBXFileReference; lastKnownFileType = sourcecode.cpp.h; path = LocalWDevice.hpp; sourceTree = "<group>"; };
		8A5ADB3A2575BCC200E71FB4 /* DefaultDevice.cpp */ = {isa = PBXFileReference; lastKnownFileType = sourcecode.cpp.cpp; path = DefaultDevice.cpp; sourceTree = "<group>"; };
		8A5ADB3B2575BCC200E71FB4 /* DefaultDevice.hpp */ = {isa = PBXFileReference; lastKnownFileType = sourcecode.cpp.h; path = DefaultDevice.hpp; sourceTree = "<group>"; };
		8A5ADB3F2575BE7F00E71FB4 /* AddressSpace.hpp */ = {isa = PBXFileReference; lastKnownFileType = sourcecode.cpp.h; path = AddressSpace.hpp; sourceTree = "<group>"; };
		8A5ADB472575D12F00E71FB4 /* IOStorage.hpp */ = {isa = PBXFileReference; lastKnownFileType = sourcecode.cpp.h; path = IOStorage.hpp; sourceTree = "<group>"; };
		8A6A20FB25605352009A8B71 /* Rom.hpp */ = {isa = PBXFileReference; lastKnownFileType = sourcecode.cpp.h; path = Rom.hpp; sourceTree = "<group>"; };
		8A6A21002560580B009A8B71 /* MonitorRom.hpp */ = {isa = PBXFileReference; lastKnownFileType = sourcecode.cpp.h; path = MonitorRom.hpp; sourceTree = "<group>"; };
		8A6A210725605A31009A8B71 /* RamtestRom.hpp */ = {isa = PBXFileReference; lastKnownFileType = sourcecode.cpp.h; path = RamtestRom.hpp; sourceTree = "<group>"; };
		8A77D83F256DE02A00B0278C /* IO.hpp */ = {isa = PBXFileReference; lastKnownFileType = sourcecode.cpp.h; path = IO.hpp; sourceTree = "<group>"; };
		8A77D849256DE3BA00B0278C /* IOSplitter.hpp */ = {isa = PBXFileReference; lastKnownFileType = sourcecode.cpp.h; path = IOSplitter.hpp; sourceTree = "<group>"; };
		8AA63D1425619331007CF426 /* Keyboard.cpp */ = {isa = PBXFileReference; lastKnownFileType = sourcecode.cpp.cpp; path = Keyboard.cpp; sourceTree = "<group>"; };
		8AA63D1525619331007CF426 /* Keyboard.hpp */ = {isa = PBXFileReference; lastKnownFileType = sourcecode.cpp.h; path = Keyboard.hpp; sourceTree = "<group>"; };
		8AA673992562AFEA000ABA5D /* IODevice.hpp */ = {isa = PBXFileReference; lastKnownFileType = sourcecode.cpp.h; path = IODevice.hpp; sourceTree = "<group>"; };
		8AA8BA5D2571D0B900A53B56 /* PageSelector.cpp */ = {isa = PBXFileReference; lastKnownFileType = sourcecode.cpp.cpp; path = PageSelector.cpp; sourceTree = "<group>"; };
		8AA8BA602571D92400A53B56 /* PaletteSelector.cpp */ = {isa = PBXFileReference; lastKnownFileType = sourcecode.cpp.cpp; path = PaletteSelector.cpp; sourceTree = "<group>"; };
		8AA8BA642571DB9200A53B56 /* ScreenSelector.cpp */ = {isa = PBXFileReference; lastKnownFileType = sourcecode.cpp.cpp; path = ScreenSelector.cpp; sourceTree = "<group>"; };
		8AA8BA772572678100A53B56 /* IOSplitter.cpp */ = {isa = PBXFileReference; lastKnownFileType = sourcecode.cpp.cpp; name = IOSplitter.cpp; path = orion/IO/IOSplitter.cpp; sourceTree = SOURCE_ROOT; };
		8AB1C4382566BECD002B614A /* README.md */ = {isa = PBXFileReference; fileEncoding = 4; lastKnownFileType = net.daringfireball.markdown; path = README.md; sourceTree = "<group>"; };
		8AB1C43D2566E1E2002B614A /* Palette.hpp */ = {isa = PBXFileReference; lastKnownFileType = sourcecode.cpp.h; path = Palette.hpp; sourceTree = "<group>"; };
		8AB1C4402566E230002B614A /* Pixel.hpp */ = {isa = PBXFileReference; lastKnownFileType = sourcecode.cpp.h; path = Pixel.hpp; sourceTree = "<group>"; };
		8AB44F92256FE469006117B1 /* Status.cpp */ = {isa = PBXFileReference; lastKnownFileType = sourcecode.cpp.cpp; path = Status.cpp; sourceTree = "<group>"; };
		8AB9437A254A187200636CA0 /* Cpu.cpp */ = {isa = PBXFileReference; lastKnownFileType = sourcecode.cpp.cpp; path = Cpu.cpp; sourceTree = "<group>"; };
		8AB9437B254A187200636CA0 /* Cpu.hpp */ = {isa = PBXFileReference; lastKnownFileType = sourcecode.cpp.h; path = Cpu.hpp; sourceTree = "<group>"; };
		8AC0C639254460C8008DAA6B /* IOBus.hpp */ = {isa = PBXFileReference; lastKnownFileType = sourcecode.cpp.h; path = IOBus.hpp; sourceTree = "<group>"; };
		8AC54EB1257427C600FBBA97 /* Event.hpp */ = {isa = PBXFileReference; lastKnownFileType = sourcecode.cpp.h; path = Event.hpp; sourceTree = "<group>"; };
		8ADCB5B5255DF8410048C4DE /* WindowController.h */ = {isa = PBXFileReference; lastKnownFileType = sourcecode.c.h; path = WindowController.h; sourceTree = "<group>"; };
		8ADCB5B6255DF8410048C4DE /* WindowController.mm */ = {isa = PBXFileReference; lastKnownFileType = sourcecode.cpp.objcpp; path = WindowController.mm; sourceTree = "<group>"; };
		8ADCB5CF255F48B00048C4DE /* Orion.cpp */ = {isa = PBXFileReference; lastKnownFileType = sourcecode.cpp.cpp; path = Orion.cpp; sourceTree = "<group>"; };
		8ADCB5D0255F48B00048C4DE /* Orion.hpp */ = {isa = PBXFileReference; lastKnownFileType = sourcecode.cpp.h; path = Orion.hpp; sourceTree = "<group>"; };
		8AE39C8725657528009C77BC /* PageSelector.hpp */ = {isa = PBXFileReference; lastKnownFileType = sourcecode.cpp.h; path = PageSelector.hpp; sourceTree = "<group>"; };
		8AE39C8C25658DB5009C77BC /* System.cpp */ = {isa = PBXFileReference; lastKnownFileType = sourcecode.cpp.cpp; path = System.cpp; sourceTree = "<group>"; };
		8AE39C8D25658DB5009C77BC /* System.hpp */ = {isa = PBXFileReference; lastKnownFileType = sourcecode.cpp.h; path = System.hpp; sourceTree = "<group>"; };
		8AE39CB32565E9E1009C77BC /* PaletteSelector.hpp */ = {isa = PBXFileReference; lastKnownFileType = sourcecode.cpp.h; path = PaletteSelector.hpp; sourceTree = "<group>"; };
		8AE39CB42565E9F0009C77BC /* ScreenSelector.hpp */ = {isa = PBXFileReference; lastKnownFileType = sourcecode.cpp.h; path = ScreenSelector.hpp; sourceTree = "<group>"; };
		8AEE66442566FCE30007586F /* en */ = {isa = PBXFileReference; lastKnownFileType = text.plist.strings; name = en; path = en.lproj/Localizable.strings; sourceTree = "<group>"; };
		8AEE664B2566FD8F0007586F /* en */ = {isa = PBXFileReference; lastKnownFileType = text.plist.strings; name = en; path = en.lproj/Main.strings; sourceTree = "<group>"; };
		8AEE66502566FF6B0007586F /* ru */ = {isa = PBXFileReference; lastKnownFileType = text.plist.strings; name = ru; path = ru.lproj/Localizable.strings; sourceTree = "<group>"; };
		8AEE66562566FFE00007586F /* ru */ = {isa = PBXFileReference; lastKnownFileType = text.plist.strings; name = ru; path = ru.lproj/Main.strings; sourceTree = "<group>"; };
		8AEE6677256749A40007586F /* OrionFacade.h */ = {isa = PBXFileReference; lastKnownFileType = sourcecode.c.h; path = OrionFacade.h; sourceTree = "<group>"; };
		8AEE6678256749A40007586F /* OrionFacade.mm */ = {isa = PBXFileReference; lastKnownFileType = sourcecode.cpp.objcpp; path = OrionFacade.mm; sourceTree = "<group>"; };
		8AF548E925648732006AFB51 /* Memory.cpp */ = {isa = PBXFileReference; lastKnownFileType = sourcecode.cpp.cpp; path = Memory.cpp; sourceTree = "<group>"; };
		8AF548EA25648732006AFB51 /* Memory.hpp */ = {isa = PBXFileReference; lastKnownFileType = sourcecode.cpp.h; path = Memory.hpp; sourceTree = "<group>"; };
/* End PBXFileReference section */

/* Begin PBXFrameworksBuildPhase section */
		8A24E448255C806400496F78 /* Frameworks */ = {
			isa = PBXFrameworksBuildPhase;
			buildActionMask = 2147483647;
			files = (
				8A04D2902569C36E00891765 /* OpenGL.framework in Frameworks */,
			);
			runOnlyForDeploymentPostprocessing = 0;
		};
/* End PBXFrameworksBuildPhase section */

/* Begin PBXGroup section */
		8A04D27A2568A91000891765 /* localizable */ = {
			isa = PBXGroup;
			children = (
				8AEE66452566FCE30007586F /* Localizable.strings */,
			);
			path = localizable;
			sourceTree = "<group>";
		};
		8A04D27F25695EDD00891765 /* filesystem */ = {
			isa = PBXGroup;
			children = (
				8A04D28125695EF100891765 /* Filesystem.hpp */,
				8A04D28025695EF100891765 /* Filesystem.cpp */,
			);
			path = filesystem;
			sourceTree = "<group>";
		};
		8A04D2862569BBEF00891765 /* Frameworks */ = {
			isa = PBXGroup;
			children = (
				8A04D28F2569C36E00891765 /* OpenGL.framework */,
			);
			name = Frameworks;
			sourceTree = "<group>";
		};
		8A24E3E6255C4E0A00496F78 /* video */ = {
			isa = PBXGroup;
			children = (
				8A24E3E7255C4E1E00496F78 /* Video.cpp */,
				8A24E3E8255C4E1E00496F78 /* Video.hpp */,
				8AB1C43D2566E1E2002B614A /* Palette.hpp */,
				8A04D2672568A5DF00891765 /* BWPalette.hpp */,
				8A04D26F2568A5F500891765 /* Color16Palette.hpp */,
				8AB1C4402566E230002B614A /* Pixel.hpp */,
			);
			path = video;
			sourceTree = "<group>";
		};
		8A24E44C255C806400496F78 /* display */ = {
			isa = PBXGroup;
			children = (
				8AB72CFD2570817900060BA3 /* storyboard */,
				8AE39CBF2565F950009C77BC /* controllers */,
				8AE39CC22565F95B009C77BC /* view */,
				8A04D27A2568A91000891765 /* localizable */,
				8AEE6677256749A40007586F /* OrionFacade.h */,
				8AEE6678256749A40007586F /* OrionFacade.mm */,
				8A24E44D255C806400496F78 /* AppDelegate.h */,
				8A24E44E255C806400496F78 /* AppDelegate.mm */,
				8A24E458255C806400496F78 /* Info.plist */,
				8A24E459255C806400496F78 /* main.m */,
			);
			path = display;
			sourceTree = "<group>";
		};
		8A301589256453CF0071D523 /* ram */ = {
			isa = PBXGroup;
			children = (
				8AE39C8D25658DB5009C77BC /* System.hpp */,
				8AE39C8C25658DB5009C77BC /* System.cpp */,
				8AF548EA25648732006AFB51 /* Memory.hpp */,
				8AF548E925648732006AFB51 /* Memory.cpp */,
			);
			path = ram;
			sourceTree = "<group>";
		};
		8A5ADB2F2575BBB600E71FB4 /* device */ = {
			isa = PBXGroup;
			children = (
				8A5ADB2B2575AC2400E71FB4 /* LocalDevice.hpp */,
				8A5ADB322575BBE700E71FB4 /* LocalRDevice.hpp */,
				8A5ADB362575BC2A00E71FB4 /* LocalWDevice.hpp */,
				8A5ADB3A2575BCC200E71FB4 /* DefaultDevice.cpp */,
				8A5ADB3B2575BCC200E71FB4 /* DefaultDevice.hpp */,
			);
			path = device;
			sourceTree = "<group>";
		};
		8A6A20F92560533E009A8B71 /* rom */ = {
			isa = PBXGroup;
			children = (
				8A6A20FB25605352009A8B71 /* Rom.hpp */,
				8A3015632563FC720071D523 /* Disk.hpp */,
				8A6A21002560580B009A8B71 /* MonitorRom.hpp */,
				8A6A210725605A31009A8B71 /* RamtestRom.hpp */,
			);
			path = rom;
			sourceTree = "<group>";
		};
		8AA63D132561931E007CF426 /* keyboard */ = {
			isa = PBXGroup;
			children = (
				8AA63D1525619331007CF426 /* Keyboard.hpp */,
				8AA63D1425619331007CF426 /* Keyboard.cpp */,
			);
			path = keyboard;
			sourceTree = "<group>";
		};
		8AA673972562AFD7000ABA5D /* IO */ = {
			isa = PBXGroup;
			children = (
				8AE39CB22565E9C5009C77BC /* selectors */,
				8A6A20F92560533E009A8B71 /* rom */,
				8A301589256453CF0071D523 /* ram */,
				8AA63D132561931E007CF426 /* keyboard */,
				8A5ADB2F2575BBB600E71FB4 /* device */,
				8AC0C639254460C8008DAA6B /* IOBus.hpp */,
				8A04D25925684C5600891765 /* IOBus.cpp */,
				8AA673992562AFEA000ABA5D /* IODevice.hpp */,
				8A77D849256DE3BA00B0278C /* IOSplitter.hpp */,
				8AA8BA772572678100A53B56 /* IOSplitter.cpp */,
				8A5ADB472575D12F00E71FB4 /* IOStorage.hpp */,
				8A5ADB3F2575BE7F00E71FB4 /* AddressSpace.hpp */,
			);
			path = IO;
			sourceTree = "<group>";
		};
		8AB72CFD2570817900060BA3 /* storyboard */ = {
			isa = PBXGroup;
			children = (
				8A24E455255C806400496F78 /* Main.storyboard */,
			);
			path = storyboard;
			sourceTree = "<group>";
		};
		8AB94388254B29FD00636CA0 /* cpu */ = {
			isa = PBXGroup;
			children = (
				8AB9437A254A187200636CA0 /* Cpu.cpp */,
				8AB9437B254A187200636CA0 /* Cpu.hpp */,
				8A77D83F256DE02A00B0278C /* IO.hpp */,
				8A4C1E50254ED0EB00ED6E1E /* Status.hpp */,
				8AB44F92256FE469006117B1 /* Status.cpp */,
			);
			path = cpu;
			sourceTree = "<group>";
		};
		8AC0C6152543AE24008DAA6B = {
			isa = PBXGroup;
			children = (
				8AB1C4382566BECD002B614A /* README.md */,
				8A30157025640C400071D523 /* rom */,
				8A24E3E4255C480700496F78 /* monitor */,
				8AC0C6202543AE24008DAA6B /* orion */,
				8A24E44C255C806400496F78 /* display */,
				8AC0C61F2543AE24008DAA6B /* Products */,
				8A04D2862569BBEF00891765 /* Frameworks */,
			);
			sourceTree = "<group>";
		};
		8AC0C61F2543AE24008DAA6B /* Products */ = {
			isa = PBXGroup;
			children = (
				8A24E44B255C806400496F78 /* Orion.app */,
			);
			name = Products;
			sourceTree = "<group>";
		};
		8AC0C6202543AE24008DAA6B /* orion */ = {
			isa = PBXGroup;
			children = (
				8A04D27F25695EDD00891765 /* filesystem */,
				8AA673972562AFD7000ABA5D /* IO */,
				8A24E3E6255C4E0A00496F78 /* video */,
				8AB94388254B29FD00636CA0 /* cpu */,
				8ADCB5CF255F48B00048C4DE /* Orion.cpp */,
				8ADCB5D0255F48B00048C4DE /* Orion.hpp */,
				8AC54EB1257427C600FBBA97 /* Event.hpp */,
				8A5ADB1E25744FF100E71FB4 /* Event.cpp */,
				8A5ADB17257437C100E71FB4 /* Cpuloop.hpp */,
				8A5ADB18257437C100E71FB4 /* Cpuloop.cpp */,
			);
			path = orion;
			sourceTree = "<group>";
		};
		8AE39CB22565E9C5009C77BC /* selectors */ = {
			isa = PBXGroup;
			children = (
				8AE39C8725657528009C77BC /* PageSelector.hpp */,
				8AA8BA5D2571D0B900A53B56 /* PageSelector.cpp */,
				8AE39CB32565E9E1009C77BC /* PaletteSelector.hpp */,
				8AA8BA602571D92400A53B56 /* PaletteSelector.cpp */,
				8AE39CB42565E9F0009C77BC /* ScreenSelector.hpp */,
				8AA8BA642571DB9200A53B56 /* ScreenSelector.cpp */,
			);
			path = selectors;
			sourceTree = "<group>";
		};
		8AE39CBF2565F950009C77BC /* controllers */ = {
			isa = PBXGroup;
			children = (
				8A24E450255C806400496F78 /* ViewController.h */,
				8A24E451255C806400496F78 /* ViewController.mm */,
				8ADCB5B5255DF8410048C4DE /* WindowController.h */,
				8ADCB5B6255DF8410048C4DE /* WindowController.mm */,
			);
			path = controllers;
			sourceTree = "<group>";
		};
		8AE39CC22565F95B009C77BC /* view */ = {
			isa = PBXGroup;
			children = (
				8A24E461255C83E400496F78 /* DisplayView.h */,
				8A24E462255C83E400496F78 /* DisplayView.mm */,
			);
			path = view;
			sourceTree = "<group>";
		};
/* End PBXGroup section */

/* Begin PBXLegacyTarget section */
		8ADB767E2576984B0059CA0B /* Makefile */ = {
			isa = PBXLegacyTarget;
			buildArgumentsString = "$(ACTION)";
			buildConfigurationList = 8ADB767F2576984B0059CA0B /* Build configuration list for PBXLegacyTarget "Makefile" */;
			buildPhases = (
			);
			buildToolPath = /usr/bin/make;
			dependencies = (
			);
			name = Makefile;
			passBuildSettingsInEnvironment = 1;
			productName = Makefile;
		};
/* End PBXLegacyTarget section */

/* Begin PBXNativeTarget section */
		8A24E44A255C806400496F78 /* Orion */ = {
			isa = PBXNativeTarget;
			buildConfigurationList = 8A24E45C255C806400496F78 /* Build configuration list for PBXNativeTarget "Orion" */;
			buildPhases = (
				8A24E447255C806400496F78 /* Sources */,
				8A24E448255C806400496F78 /* Frameworks */,
				8A24E449255C806400496F78 /* Resources */,
				8A301573256425170071D523 /* CopyFiles */,
			);
			buildRules = (
			);
			dependencies = (
			);
			name = Orion;
			productName = display;
			productReference = 8A24E44B255C806400496F78 /* Orion.app */;
			productType = "com.apple.product-type.application";
		};
/* End PBXNativeTarget section */

/* Begin PBXProject section */
		8AC0C6162543AE24008DAA6B /* Project object */ = {
			isa = PBXProject;
			attributes = {
				LastUpgradeCheck = 1220;
				TargetAttributes = {
					8A24E44A255C806400496F78 = {
						CreatedOnToolsVersion = 12.1;
					};
					8ADB767E2576984B0059CA0B = {
						CreatedOnToolsVersion = 12.2;
					};
				};
			};
			buildConfigurationList = 8AC0C6192543AE24008DAA6B /* Build configuration list for PBXProject "orion" */;
			compatibilityVersion = "Xcode 9.3";
			developmentRegion = en;
			hasScannedForEncodings = 0;
			knownRegions = (
				en,
				Base,
				ru,
			);
			mainGroup = 8AC0C6152543AE24008DAA6B;
			productRefGroup = 8AC0C61F2543AE24008DAA6B /* Products */;
			projectDirPath = "";
			projectRoot = "";
			targets = (
				8A24E44A255C806400496F78 /* Orion */,
				8ADB767E2576984B0059CA0B /* Makefile */,
			);
		};
/* End PBXProject section */

/* Begin PBXResourcesBuildPhase section */
		8A24E449255C806400496F78 /* Resources */ = {
			isa = PBXResourcesBuildPhase;
			buildActionMask = 2147483647;
			files = (
				8A24E457255C806400496F78 /* Main.storyboard in Resources */,
				8AEE66432566FCE30007586F /* Localizable.strings in Resources */,
			);
			runOnlyForDeploymentPostprocessing = 0;
		};
/* End PBXResourcesBuildPhase section */

/* Begin PBXSourcesBuildPhase section */
		8A24E447255C806400496F78 /* Sources */ = {
			isa = PBXSourcesBuildPhase;
			buildActionMask = 2147483647;
			files = (
				8A04D25B25684C5600891765 /* IOBus.cpp in Sources */,
				8AE39C8F25658DB5009C77BC /* System.cpp in Sources */,
				8A24E452255C806400496F78 /* ViewController.mm in Sources */,
				8AA8BA652571DB9200A53B56 /* ScreenSelector.cpp in Sources */,
				8AEE6679256749A40007586F /* OrionFacade.mm in Sources */,
				8AA8BA612571D92400A53B56 /* PaletteSelector.cpp in Sources */,
				8AA63D1925619683007CF426 /* Keyboard.cpp in Sources */,
				8ADCB5B7255DF8410048C4DE /* WindowController.mm in Sources */,
				8A5ADB19257437C100E71FB4 /* Cpuloop.cpp in Sources */,
				8AF548EC25648732006AFB51 /* Memory.cpp in Sources */,
				8A5ADB1F25744FF100E71FB4 /* Event.cpp in Sources */,
				8A04D28325695EF100891765 /* Filesystem.cpp in Sources */,
				8A24E46D255C85EB00496F78 /* Cpu.cpp in Sources */,
				8A24E463255C83E400496F78 /* DisplayView.mm in Sources */,
				8A24E45A255C806400496F78 /* main.m in Sources */,
				8AC54EAD257322A400FBBA97 /* PageSelector.cpp in Sources */,
				8AB44F94256FE469006117B1 /* Status.cpp in Sources */,
				8AA63D0D25605DC9007CF426 /* Orion.cpp in Sources */,
				8A5ADB3C2575BCC200E71FB4 /* DefaultDevice.cpp in Sources */,
				8A24E46A255C85E600496F78 /* Video.cpp in Sources */,
				8AA8BA782572678100A53B56 /* IOSplitter.cpp in Sources */,
				8A24E44F255C806400496F78 /* AppDelegate.mm in Sources */,
			);
			runOnlyForDeploymentPostprocessing = 0;
		};
/* End PBXSourcesBuildPhase section */

/* Begin PBXVariantGroup section */
		8A24E455255C806400496F78 /* Main.storyboard */ = {
			isa = PBXVariantGroup;
			children = (
				8A24E456255C806400496F78 /* Base */,
				8AEE664B2566FD8F0007586F /* en */,
				8AEE66562566FFE00007586F /* ru */,
			);
			name = Main.storyboard;
			sourceTree = "<group>";
		};
		8AEE66452566FCE30007586F /* Localizable.strings */ = {
			isa = PBXVariantGroup;
			children = (
				8AEE66442566FCE30007586F /* en */,
				8AEE66502566FF6B0007586F /* ru */,
			);
			name = Localizable.strings;
			sourceTree = "<group>";
		};
/* End PBXVariantGroup section */

/* Begin XCBuildConfiguration section */
		8A24E45D255C806400496F78 /* Debug */ = {
			isa = XCBuildConfiguration;
			buildSettings = {
				ASSETCATALOG_COMPILER_GLOBAL_ACCENT_COLOR_NAME = AccentColor;
				CODE_SIGN_IDENTITY = "";
				CODE_SIGN_STYLE = Automatic;
				COMBINE_HIDPI_IMAGES = YES;
				DEVELOPMENT_TEAM = "";
				INFOPLIST_FILE = display/Info.plist;
				LD_RUNPATH_SEARCH_PATHS = (
					"$(inherited)",
					"@executable_path/../Frameworks",
				);
				PRODUCT_BUNDLE_IDENTIFIER = temaweb.display;
				PRODUCT_NAME = "$(TARGET_NAME)";
			};
			name = Debug;
		};
		8A24E45E255C806400496F78 /* Release */ = {
			isa = XCBuildConfiguration;
			buildSettings = {
				ASSETCATALOG_COMPILER_GLOBAL_ACCENT_COLOR_NAME = AccentColor;
				CODE_SIGN_IDENTITY = "";
				CODE_SIGN_STYLE = Automatic;
				COMBINE_HIDPI_IMAGES = YES;
				DEVELOPMENT_TEAM = "";
				INFOPLIST_FILE = display/Info.plist;
				LD_RUNPATH_SEARCH_PATHS = (
					"$(inherited)",
					"@executable_path/../Frameworks",
				);
				PRODUCT_BUNDLE_IDENTIFIER = temaweb.display;
				PRODUCT_NAME = "$(TARGET_NAME)";
			};
			name = Release;
		};
		8AC0C6232543AE24008DAA6B /* Debug */ = {
			isa = XCBuildConfiguration;
			buildSettings = {
				ALWAYS_SEARCH_USER_PATHS = NO;
				CLANG_ANALYZER_LOCALIZABILITY_NONLOCALIZED = YES;
				CLANG_ANALYZER_NONNULL = YES;
				CLANG_ANALYZER_NUMBER_OBJECT_CONVERSION = YES_AGGRESSIVE;
				CLANG_CXX_LANGUAGE_STANDARD = "gnu++17";
				CLANG_CXX_LIBRARY = "libc++";
				CLANG_ENABLE_MODULES = YES;
				CLANG_ENABLE_OBJC_ARC = YES;
				CLANG_ENABLE_OBJC_WEAK = YES;
				CLANG_WARN_BLOCK_CAPTURE_AUTORELEASING = YES;
				CLANG_WARN_BOOL_CONVERSION = YES;
				CLANG_WARN_COMMA = YES;
				CLANG_WARN_CONSTANT_CONVERSION = YES;
				CLANG_WARN_DEPRECATED_OBJC_IMPLEMENTATIONS = YES;
				CLANG_WARN_DIRECT_OBJC_ISA_USAGE = YES_ERROR;
				CLANG_WARN_DOCUMENTATION_COMMENTS = YES;
				CLANG_WARN_EMPTY_BODY = YES;
				CLANG_WARN_ENUM_CONVERSION = YES;
				CLANG_WARN_INFINITE_RECURSION = YES;
				CLANG_WARN_INT_CONVERSION = YES;
				CLANG_WARN_NON_LITERAL_NULL_CONVERSION = YES;
				CLANG_WARN_OBJC_IMPLICIT_RETAIN_SELF = YES;
				CLANG_WARN_OBJC_LITERAL_CONVERSION = YES;
				CLANG_WARN_OBJC_ROOT_CLASS = YES_ERROR;
				CLANG_WARN_QUOTED_INCLUDE_IN_FRAMEWORK_HEADER = YES;
				CLANG_WARN_RANGE_LOOP_ANALYSIS = YES;
				CLANG_WARN_STRICT_PROTOTYPES = YES;
				CLANG_WARN_SUSPICIOUS_MOVE = YES;
				CLANG_WARN_UNGUARDED_AVAILABILITY = YES_AGGRESSIVE;
				CLANG_WARN_UNREACHABLE_CODE = YES;
				CLANG_WARN__DUPLICATE_METHOD_MATCH = YES;
				COPY_PHASE_STRIP = NO;
				DEBUG_INFORMATION_FORMAT = dwarf;
				ENABLE_STRICT_OBJC_MSGSEND = YES;
				ENABLE_TESTABILITY = YES;
				GCC_C_LANGUAGE_STANDARD = gnu11;
				GCC_DYNAMIC_NO_PIC = NO;
				GCC_NO_COMMON_BLOCKS = YES;
				GCC_OPTIMIZATION_LEVEL = 0;
				GCC_PREPROCESSOR_DEFINITIONS = (
					"DEBUG=1",
					"$(inherited)",
				);
				GCC_WARN_64_TO_32_BIT_CONVERSION = YES;
				GCC_WARN_ABOUT_RETURN_TYPE = YES_ERROR;
				GCC_WARN_UNDECLARED_SELECTOR = YES;
				GCC_WARN_UNINITIALIZED_AUTOS = YES_AGGRESSIVE;
				GCC_WARN_UNUSED_FUNCTION = YES;
				GCC_WARN_UNUSED_VARIABLE = YES;
				MACOSX_DEPLOYMENT_TARGET = 10.15;
				MTL_ENABLE_DEBUG_INFO = INCLUDE_SOURCE;
				MTL_FAST_MATH = YES;
				ONLY_ACTIVE_ARCH = YES;
				SDKROOT = macosx;
			};
			name = Debug;
		};
		8AC0C6242543AE24008DAA6B /* Release */ = {
			isa = XCBuildConfiguration;
			buildSettings = {
				ALWAYS_SEARCH_USER_PATHS = NO;
				CLANG_ANALYZER_LOCALIZABILITY_NONLOCALIZED = YES;
				CLANG_ANALYZER_NONNULL = YES;
				CLANG_ANALYZER_NUMBER_OBJECT_CONVERSION = YES_AGGRESSIVE;
				CLANG_CXX_LANGUAGE_STANDARD = "gnu++17";
				CLANG_CXX_LIBRARY = "libc++";
				CLANG_ENABLE_MODULES = YES;
				CLANG_ENABLE_OBJC_ARC = YES;
				CLANG_ENABLE_OBJC_WEAK = YES;
				CLANG_WARN_BLOCK_CAPTURE_AUTORELEASING = YES;
				CLANG_WARN_BOOL_CONVERSION = YES;
				CLANG_WARN_COMMA = YES;
				CLANG_WARN_CONSTANT_CONVERSION = YES;
				CLANG_WARN_DEPRECATED_OBJC_IMPLEMENTATIONS = YES;
				CLANG_WARN_DIRECT_OBJC_ISA_USAGE = YES_ERROR;
				CLANG_WARN_DOCUMENTATION_COMMENTS = YES;
				CLANG_WARN_EMPTY_BODY = YES;
				CLANG_WARN_ENUM_CONVERSION = YES;
				CLANG_WARN_INFINITE_RECURSION = YES;
				CLANG_WARN_INT_CONVERSION = YES;
				CLANG_WARN_NON_LITERAL_NULL_CONVERSION = YES;
				CLANG_WARN_OBJC_IMPLICIT_RETAIN_SELF = YES;
				CLANG_WARN_OBJC_LITERAL_CONVERSION = YES;
				CLANG_WARN_OBJC_ROOT_CLASS = YES_ERROR;
				CLANG_WARN_QUOTED_INCLUDE_IN_FRAMEWORK_HEADER = YES;
				CLANG_WARN_RANGE_LOOP_ANALYSIS = YES;
				CLANG_WARN_STRICT_PROTOTYPES = YES;
				CLANG_WARN_SUSPICIOUS_MOVE = YES;
				CLANG_WARN_UNGUARDED_AVAILABILITY = YES_AGGRESSIVE;
				CLANG_WARN_UNREACHABLE_CODE = YES;
				CLANG_WARN__DUPLICATE_METHOD_MATCH = YES;
				COPY_PHASE_STRIP = NO;
				DEBUG_INFORMATION_FORMAT = "dwarf-with-dsym";
				ENABLE_NS_ASSERTIONS = NO;
				ENABLE_STRICT_OBJC_MSGSEND = YES;
				GCC_C_LANGUAGE_STANDARD = gnu11;
				GCC_NO_COMMON_BLOCKS = YES;
				GCC_WARN_64_TO_32_BIT_CONVERSION = YES;
				GCC_WARN_ABOUT_RETURN_TYPE = YES_ERROR;
				GCC_WARN_UNDECLARED_SELECTOR = YES;
				GCC_WARN_UNINITIALIZED_AUTOS = YES_AGGRESSIVE;
				GCC_WARN_UNUSED_FUNCTION = YES;
				GCC_WARN_UNUSED_VARIABLE = YES;
				MACOSX_DEPLOYMENT_TARGET = 10.15;
				MTL_ENABLE_DEBUG_INFO = NO;
				MTL_FAST_MATH = YES;
				SDKROOT = macosx;
			};
			name = Release;
		};
		8ADB76802576984B0059CA0B /* Debug */ = {
			isa = XCBuildConfiguration;
			buildSettings = {
				CLANG_CXX_LANGUAGE_STANDARD = "gnu++14";
				CODE_SIGN_STYLE = Automatic;
				DEBUGGING_SYMBOLS = YES;
				DEBUG_INFORMATION_FORMAT = dwarf;
				GCC_GENERATE_DEBUGGING_SYMBOLS = YES;
				GCC_OPTIMIZATION_LEVEL = 0;
				OTHER_CFLAGS = "";
				OTHER_LDFLAGS = "";
				PRODUCT_NAME = "$(TARGET_NAME)";
			};
			name = Debug;
		};
		8ADB76812576984B0059CA0B /* Release */ = {
			isa = XCBuildConfiguration;
			buildSettings = {
				CLANG_CXX_LANGUAGE_STANDARD = "gnu++14";
				CODE_SIGN_STYLE = Automatic;
				DEBUG_INFORMATION_FORMAT = "dwarf-with-dsym";
				OTHER_CFLAGS = "";
				OTHER_LDFLAGS = "";
				PRODUCT_NAME = "$(TARGET_NAME)";
			};
			name = Release;
		};
/* End XCBuildConfiguration section */

/* Begin XCConfigurationList section */
		8A24E45C255C806400496F78 /* Build configuration list for PBXNativeTarget "Orion" */ = {
			isa = XCConfigurationList;
			buildConfigurations = (
				8A24E45D255C806400496F78 /* Debug */,
				8A24E45E255C806400496F78 /* Release */,
			);
			defaultConfigurationIsVisible = 0;
			defaultConfigurationName = Release;
		};
		8AC0C6192543AE24008DAA6B /* Build configuration list for PBXProject "orion" */ = {
			isa = XCConfigurationList;
			buildConfigurations = (
				8AC0C6232543AE24008DAA6B /* Debug */,
				8AC0C6242543AE24008DAA6B /* Release */,
			);
			defaultConfigurationIsVisible = 0;
			defaultConfigurationName = Release;
		};
		8ADB767F2576984B0059CA0B /* Build configuration list for PBXLegacyTarget "Makefile" */ = {
			isa = XCConfigurationList;
			buildConfigurations = (
				8ADB76802576984B0059CA0B /* Debug */,
				8ADB76812576984B0059CA0B /* Release */,
			);
			defaultConfigurationIsVisible = 0;
			defaultConfigurationName = Release;
		};
/* End XCConfigurationList section */
	};
	rootObject = 8AC0C6162543AE24008DAA6B /* Project object */;
}
